
Microsoft Visual Studio Solution File, Format Version 12.00
# Visual Studio Version 17
VisualStudioVersion = 17.5.002.0
MinimumVisualStudioVersion = 10.0.40219.1
Project("{9A19103F-16F7-4668-BE54-9A1E7A4F7556}") = "iobcloud.chatbase.service", "iobcloud.chatbase.service.csproj", "{9142A447-16BA-48CA-A25A-78673319C511}"
EndProject
Global
	GlobalSection(SolutionConfigurationPlatforms) = preSolution
		Debug|Any CPU = Debug|Any CPU
		Release|Any CPU = Release|Any CPU
	EndGlobalSection
	GlobalSection(ProjectConfigurationPlatforms) = postSolution
		{9142A447-16BA-48CA-A25A-78673319C511}.Debug|Any CPU.ActiveCfg = Debug|Any CPU
		{9142A447-16BA-48CA-A25A-78673319C511}.Debug|Any CPU.Build.0 = Debug|Any CPU
		{9142A447-16BA-48CA-A25A-78673319C511}.Release|Any CPU.ActiveCfg = Release|Any CPU
		{9142A447-16BA-48CA-A25A-78673319C511}.Release|Any CPU.Build.0 = Release|Any CPU
	EndGlobalSection
	GlobalSection(SolutionProperties) = preSolution
		HideSolutionNode = FALSE
	EndGlobalSection
	GlobalSection(ExtensibilityGlobals) = postSolution
		SolutionGuid = {1AB14C23-6B34-4B2F-91A9-FAF8352161DF}
	EndGlobalSection
EndGlobal
